
Microsoft Visual Studio Solution File, Format Version 12.00
# Visual Studio Version 17
VisualStudioVersion = 17.5.33424.131
MinimumVisualStudioVersion = 10.0.40219.1
Project("{9A19103F-16F7-4668-BE54-9A1E7A4F7556}") = "Test_1", "Test_1\Test_1.csproj", "{2CDC2DA1-EF5A-4E63-B922-177335A0667A}"
EndProject
Project("{9A19103F-16F7-4668-BE54-9A1E7A4F7556}") = "StringComparation", "Test_2\StringComparation.csproj", "{557810EC-BE90-4F36-9445-78E394C43FF9}"
EndProject
Project("{9A19103F-16F7-4668-BE54-9A1E7A4F7556}") = "WorkWithNumbers", "WorkWithNumbers\WorkWithNumbers.csproj", "{AC0AF453-D439-4539-BC4B-BC367E0849F5}"
EndProject
Project("{9A19103F-16F7-4668-BE54-9A1E7A4F7556}") = "RefOut", "RefOut\RefOut.csproj", "{AD072798-6682-4B25-85B0-C7D98E314F43}"
EndProject
Project("{9A19103F-16F7-4668-BE54-9A1E7A4F7556}") = "GuessTheNumber", "Угадай число, Глад. бои\GuessTheNumber.csproj", "{BA6380F2-01D4-4192-A684-427F87E3EC16}"
EndProject
Project("{9A19103F-16F7-4668-BE54-9A1E7A4F7556}") = "GladiatorFights", "Гладиаторские бои\GladiatorFights.csproj", "{3FC512E1-964D-4984-8912-11518CCDF5B7}"
EndProject
Project("{9A19103F-16F7-4668-BE54-9A1E7A4F7556}") = "OverrIdeMethod", "OverrIdeMethod\OverrIdeMethod.csproj", "{0E6A170F-2B69-49C4-908A-C166C411BADB}"
EndProject
Project("{9A19103F-16F7-4668-BE54-9A1E7A4F7556}") = "StackQueueDictionary", "StackQueueDictionary\StackQueueDictionary.csproj", "{F7E0FD2B-EED7-452D-A487-4FBE2A6F208C}"
EndProject
Project("{9A19103F-16F7-4668-BE54-9A1E7A4F7556}") = "TableReservations", "TableReservations\TableReservations.csproj", "{F64BFCF5-ACE2-4DD6-A258-8EB3459CBAD5}"
EndProject
Project("{9A19103F-16F7-4668-BE54-9A1E7A4F7556}") = "LibraryManagementSystem", "LibraryManagementSystem\LibraryManagementSystem.csproj", "{9AB589DF-EC61-491B-BDD5-806B3FD8D433}"
EndProject
Project("{9A19103F-16F7-4668-BE54-9A1E7A4F7556}") = "GameGo", "GameGo\GameGo.csproj", "{605FFE24-2AF1-4FF2-8BE1-C8865B7DF0AB}"
EndProject
Project("{FAE04EC0-301F-11D3-BF4B-00C04F79EFBC}") = "HealthBar", "HealthBar\HealthBar.csproj", "{70EA6721-9EC5-4171-AA4C-E8994413E118}"
EndProject
Global
	GlobalSection(SolutionConfigurationPlatforms) = preSolution
		Debug|Any CPU = Debug|Any CPU
		Release|Any CPU = Release|Any CPU
	EndGlobalSection
	GlobalSection(ProjectConfigurationPlatforms) = postSolution
		{2CDC2DA1-EF5A-4E63-B922-177335A0667A}.Debug|Any CPU.ActiveCfg = Debug|Any CPU
		{2CDC2DA1-EF5A-4E63-B922-177335A0667A}.Debug|Any CPU.Build.0 = Debug|Any CPU
		{2CDC2DA1-EF5A-4E63-B922-177335A0667A}.Release|Any CPU.ActiveCfg = Release|Any CPU
		{2CDC2DA1-EF5A-4E63-B922-177335A0667A}.Release|Any CPU.Build.0 = Release|Any CPU
		{557810EC-BE90-4F36-9445-78E394C43FF9}.Debug|Any CPU.ActiveCfg = Debug|Any CPU
		{557810EC-BE90-4F36-9445-78E394C43FF9}.Debug|Any CPU.Build.0 = Debug|Any CPU
		{557810EC-BE90-4F36-9445-78E394C43FF9}.Release|Any CPU.ActiveCfg = Release|Any CPU
		{557810EC-BE90-4F36-9445-78E394C43FF9}.Release|Any CPU.Build.0 = Release|Any CPU
		{AC0AF453-D439-4539-BC4B-BC367E0849F5}.Debug|Any CPU.ActiveCfg = Debug|Any CPU
		{AC0AF453-D439-4539-BC4B-BC367E0849F5}.Debug|Any CPU.Build.0 = Debug|Any CPU
		{AC0AF453-D439-4539-BC4B-BC367E0849F5}.Release|Any CPU.ActiveCfg = Release|Any CPU
		{AC0AF453-D439-4539-BC4B-BC367E0849F5}.Release|Any CPU.Build.0 = Release|Any CPU
		{AD072798-6682-4B25-85B0-C7D98E314F43}.Debug|Any CPU.ActiveCfg = Debug|Any CPU
		{AD072798-6682-4B25-85B0-C7D98E314F43}.Debug|Any CPU.Build.0 = Debug|Any CPU
		{AD072798-6682-4B25-85B0-C7D98E314F43}.Release|Any CPU.ActiveCfg = Release|Any CPU
		{AD072798-6682-4B25-85B0-C7D98E314F43}.Release|Any CPU.Build.0 = Release|Any CPU
		{BA6380F2-01D4-4192-A684-427F87E3EC16}.Debug|Any CPU.ActiveCfg = Debug|Any CPU
		{BA6380F2-01D4-4192-A684-427F87E3EC16}.Debug|Any CPU.Build.0 = Debug|Any CPU
		{BA6380F2-01D4-4192-A684-427F87E3EC16}.Release|Any CPU.ActiveCfg = Release|Any CPU
		{BA6380F2-01D4-4192-A684-427F87E3EC16}.Release|Any CPU.Build.0 = Release|Any CPU
		{3FC512E1-964D-4984-8912-11518CCDF5B7}.Debug|Any CPU.ActiveCfg = Debug|Any CPU
		{3FC512E1-964D-4984-8912-11518CCDF5B7}.Debug|Any CPU.Build.0 = Debug|Any CPU
		{3FC512E1-964D-4984-8912-11518CCDF5B7}.Release|Any CPU.ActiveCfg = Release|Any CPU
		{3FC512E1-964D-4984-8912-11518CCDF5B7}.Release|Any CPU.Build.0 = Release|Any CPU
		{0E6A170F-2B69-49C4-908A-C166C411BADB}.Debug|Any CPU.ActiveCfg = Debug|Any CPU
		{0E6A170F-2B69-49C4-908A-C166C411BADB}.Debug|Any CPU.Build.0 = Debug|Any CPU
		{0E6A170F-2B69-49C4-908A-C166C411BADB}.Release|Any CPU.ActiveCfg = Release|Any CPU
		{0E6A170F-2B69-49C4-908A-C166C411BADB}.Release|Any CPU.Build.0 = Release|Any CPU
		{F7E0FD2B-EED7-452D-A487-4FBE2A6F208C}.Debug|Any CPU.ActiveCfg = Debug|Any CPU
		{F7E0FD2B-EED7-452D-A487-4FBE2A6F208C}.Debug|Any CPU.Build.0 = Debug|Any CPU
		{F7E0FD2B-EED7-452D-A487-4FBE2A6F208C}.Release|Any CPU.ActiveCfg = Release|Any CPU
		{F7E0FD2B-EED7-452D-A487-4FBE2A6F208C}.Release|Any CPU.Build.0 = Release|Any CPU
		{F64BFCF5-ACE2-4DD6-A258-8EB3459CBAD5}.Debug|Any CPU.ActiveCfg = Debug|Any CPU
		{F64BFCF5-ACE2-4DD6-A258-8EB3459CBAD5}.Debug|Any CPU.Build.0 = Debug|Any CPU
		{F64BFCF5-ACE2-4DD6-A258-8EB3459CBAD5}.Release|Any CPU.ActiveCfg = Release|Any CPU
		{F64BFCF5-ACE2-4DD6-A258-8EB3459CBAD5}.Release|Any CPU.Build.0 = Release|Any CPU
		{9AB589DF-EC61-491B-BDD5-806B3FD8D433}.Debug|Any CPU.ActiveCfg = Debug|Any CPU
		{9AB589DF-EC61-491B-BDD5-806B3FD8D433}.Debug|Any CPU.Build.0 = Debug|Any CPU
		{9AB589DF-EC61-491B-BDD5-806B3FD8D433}.Release|Any CPU.ActiveCfg = Release|Any CPU
		{9AB589DF-EC61-491B-BDD5-806B3FD8D433}.Release|Any CPU.Build.0 = Release|Any CPU
		{605FFE24-2AF1-4FF2-8BE1-C8865B7DF0AB}.Debug|Any CPU.ActiveCfg = Debug|Any CPU
		{605FFE24-2AF1-4FF2-8BE1-C8865B7DF0AB}.Debug|Any CPU.Build.0 = Debug|Any CPU
		{605FFE24-2AF1-4FF2-8BE1-C8865B7DF0AB}.Release|Any CPU.ActiveCfg = Release|Any CPU
		{605FFE24-2AF1-4FF2-8BE1-C8865B7DF0AB}.Release|Any CPU.Build.0 = Release|Any CPU
		{70EA6721-9EC5-4171-AA4C-E8994413E118}.Debug|Any CPU.ActiveCfg = Debug|Any CPU
		{70EA6721-9EC5-4171-AA4C-E8994413E118}.Debug|Any CPU.Build.0 = Debug|Any CPU
		{70EA6721-9EC5-4171-AA4C-E8994413E118}.Release|Any CPU.ActiveCfg = Release|Any CPU
		{70EA6721-9EC5-4171-AA4C-E8994413E118}.Release|Any CPU.Build.0 = Release|Any CPU
	EndGlobalSection
	GlobalSection(SolutionProperties) = preSolution
		HideSolutionNode = FALSE
	EndGlobalSection
	GlobalSection(ExtensibilityGlobals) = postSolution
		SolutionGuid = {68F80AB5-906B-47CA-AA59-5006DEE059A7}
	EndGlobalSection
EndGlobal
